// !$*UTF8*$!
{
	archiveVersion = 1;
	classes = {
	};
	objectVersion = 50;
	objects = {

/* Begin PBXBuildFile section */
		FF106FE92437879A00723D3F /* LogInViewController.swift in Sources */ = {isa = PBXBuildFile; fileRef = FF106FE82437879A00723D3F /* LogInViewController.swift */; };
		FF106FEB2437937200723D3F /* Alamofire.framework in Frameworks */ = {isa = PBXBuildFile; fileRef = FF106FEA2437937200723D3F /* Alamofire.framework */; };
		FF106FEC2437937200723D3F /* Alamofire.framework in Embed Frameworks */ = {isa = PBXBuildFile; fileRef = FF106FEA2437937200723D3F /* Alamofire.framework */; settings = {ATTRIBUTES = (CodeSignOnCopy, RemoveHeadersOnCopy, ); }; };
		FF106FEE243793A800723D3F /* Alamofire.framework in CopyFiles */ = {isa = PBXBuildFile; fileRef = FF106FED243793A800723D3F /* Alamofire.framework */; settings = {ATTRIBUTES = (CodeSignOnCopy, RemoveHeadersOnCopy, ); }; };
		FF106FF22437958D00723D3F /* SpotifyAuthService.swift in Sources */ = {isa = PBXBuildFile; fileRef = FF106FF12437958D00723D3F /* SpotifyAuthService.swift */; };
		FF13CAEC244B40EA00E99A5B /* SPTConstant.swift in Sources */ = {isa = PBXBuildFile; fileRef = FF13CAEB244B40EA00E99A5B /* SPTConstant.swift */; };
		FF5270B124414D4F00C0EDC2 /* NetworkTests.swift in Sources */ = {isa = PBXBuildFile; fileRef = FF5270B024414D4F00C0EDC2 /* NetworkTests.swift */; };
		FF5A5D24243C8C4200836FD3 /* SPTItemCell.swift in Sources */ = {isa = PBXBuildFile; fileRef = FF5A5D23243C8C4200836FD3 /* SPTItemCell.swift */; };
		FF5A5D26243C8CB200836FD3 /* SPTAnimationProperties.swift in Sources */ = {isa = PBXBuildFile; fileRef = FF5A5D25243C8CB200836FD3 /* SPTAnimationProperties.swift */; };
		FF5B7A93244B4AB40000C32F /* Config.swift in Sources */ = {isa = PBXBuildFile; fileRef = FF5B7A92244B4AB40000C32F /* Config.swift */; };
		FF5CD92B243905B400AD0701 /* GridCollectionView.swift in Sources */ = {isa = PBXBuildFile; fileRef = FF5CD92A243905B400AD0701 /* GridCollectionView.swift */; };
		FF5CD92D243905CA00AD0701 /* GridCollectionViewCell.swift in Sources */ = {isa = PBXBuildFile; fileRef = FF5CD92C243905CA00AD0701 /* GridCollectionViewCell.swift */; };
		FF651D5C24407A7900EDA138 /* HomeTableView.m in Sources */ = {isa = PBXBuildFile; fileRef = FF651D5B24407A7900EDA138 /* HomeTableView.m */; };
		FF651D632440816600EDA138 /* UIColor+BrandColors.m in Sources */ = {isa = PBXBuildFile; fileRef = FF651D612440816600EDA138 /* UIColor+BrandColors.m */; };
		FF66B47D24390DE300832FB1 /* GridTableViewCell.swift in Sources */ = {isa = PBXBuildFile; fileRef = FF66B47C24390DE300832FB1 /* GridTableViewCell.swift */; };
		FF72A60624458AA2007F770E /* MediaItemView.swift in Sources */ = {isa = PBXBuildFile; fileRef = FF72A60524458AA2007F770E /* MediaItemView.swift */; };
		FF99D0EC243A0DCA0075A640 /* ItemImage.swift in Sources */ = {isa = PBXBuildFile; fileRef = FF99D0EB243A0DCA0075A640 /* ItemImage.swift */; };
		FF99D0EF243A3BD80075A640 /* UIImage+Extensions.swift in Sources */ = {isa = PBXBuildFile; fileRef = FF99D0EE243A3BD80075A640 /* UIImage+Extensions.swift */; };
		FFA6713E243E605B002907BD /* StaticData.swift in Sources */ = {isa = PBXBuildFile; fileRef = FFA6713D243E605B002907BD /* StaticData.swift */; };
		FFA929112437A29D0006F5CA /* Constant.swift in Sources */ = {isa = PBXBuildFile; fileRef = FFA929102437A29D0006F5CA /* Constant.swift */; };
		FFA929142437B0340006F5CA /* Album.swift in Sources */ = {isa = PBXBuildFile; fileRef = FFA929132437B0340006F5CA /* Album.swift */; };
		FFACAA5B24479C4B00361DCA /* UIView+Extensions.swift in Sources */ = {isa = PBXBuildFile; fileRef = FFACAA5A24479C4B00361DCA /* UIView+Extensions.swift */; };
		FFB8162924387A9800064E21 /* Artist.swift in Sources */ = {isa = PBXBuildFile; fileRef = FFB8162824387A9800064E21 /* Artist.swift */; };
		FFB8162B24387ADA00064E21 /* Track.swift in Sources */ = {isa = PBXBuildFile; fileRef = FFB8162A24387ADA00064E21 /* Track.swift */; };
		FFB8162D24387B0200064E21 /* NetworkService.swift in Sources */ = {isa = PBXBuildFile; fileRef = FFB8162C24387B0200064E21 /* NetworkService.swift */; };
		FFB8162F24387CA200064E21 /* Result.swift in Sources */ = {isa = PBXBuildFile; fileRef = FFB8162E24387CA200064E21 /* Result.swift */; };
		FFB8163124388DC600064E21 /* SpotifyWebAPIService.swift in Sources */ = {isa = PBXBuildFile; fileRef = FFB8163024388DC600064E21 /* SpotifyWebAPIService.swift */; };
		FFB816332438970600064E21 /* HomeViewController.swift in Sources */ = {isa = PBXBuildFile; fileRef = FFB816322438970600064E21 /* HomeViewController.swift */; };
		FFB816362438979B00064E21 /* CarouselCollectionView.swift in Sources */ = {isa = PBXBuildFile; fileRef = FFB816352438979B00064E21 /* CarouselCollectionView.swift */; };
		FFB8163B243899D600064E21 /* SPTBrandTypography.swift in Sources */ = {isa = PBXBuildFile; fileRef = FFB81639243899D600064E21 /* SPTBrandTypography.swift */; };
		FFB8163D2438A19400064E21 /* CarouselCollectionViewCell.swift in Sources */ = {isa = PBXBuildFile; fileRef = FFB8163C2438A19400064E21 /* CarouselCollectionViewCell.swift */; };
		FFB8163F2438A9CD00064E21 /* Kingfisher.framework in Frameworks */ = {isa = PBXBuildFile; fileRef = FFB8163E2438A9CD00064E21 /* Kingfisher.framework */; };
		FFB816402438A9CD00064E21 /* Kingfisher.framework in Embed Frameworks */ = {isa = PBXBuildFile; fileRef = FFB8163E2438A9CD00064E21 /* Kingfisher.framework */; settings = {ATTRIBUTES = (CodeSignOnCopy, RemoveHeadersOnCopy, ); }; };
		FFB816422438A9E700064E21 /* Kingfisher.framework in CopyFiles */ = {isa = PBXBuildFile; fileRef = FFB816412438A9E700064E21 /* Kingfisher.framework */; settings = {ATTRIBUTES = (CodeSignOnCopy, RemoveHeadersOnCopy, ); }; };
		FFB8165E2438CCC500064E21 /* Montserrat-Bold.ttf in Resources */ = {isa = PBXBuildFile; fileRef = FFB8164B2438CCC500064E21 /* Montserrat-Bold.ttf */; };
		FFB816612438CCC500064E21 /* Montserrat-SemiBold.ttf in Resources */ = {isa = PBXBuildFile; fileRef = FFB8164E2438CCC500064E21 /* Montserrat-SemiBold.ttf */; };
		FFB8166D2438D68A00064E21 /* CarouselTableViewCell.swift in Sources */ = {isa = PBXBuildFile; fileRef = FFB8166C2438D68A00064E21 /* CarouselTableViewCell.swift */; };
		FFBD70C52437835400E6AD9A /* SpotifyLogin.framework in Frameworks */ = {isa = PBXBuildFile; fileRef = FFBD70C42437835300E6AD9A /* SpotifyLogin.framework */; };
		FFBD70C62437835400E6AD9A /* SpotifyLogin.framework in Embed Frameworks */ = {isa = PBXBuildFile; fileRef = FFBD70C42437835300E6AD9A /* SpotifyLogin.framework */; settings = {ATTRIBUTES = (CodeSignOnCopy, RemoveHeadersOnCopy, ); }; };
		FFBD70CB2437847D00E6AD9A /* SpotifyLogin.framework in CopyFiles */ = {isa = PBXBuildFile; fileRef = FFBD70CA2437847D00E6AD9A /* SpotifyLogin.framework */; settings = {ATTRIBUTES = (CodeSignOnCopy, RemoveHeadersOnCopy, ); }; };
		FFCD01F62442E27B00E9BCAA /* Client.swift in Sources */ = {isa = PBXBuildFile; fileRef = FFCD01F52442E27B00E9BCAA /* Client.swift */; };
		FFD662B62437222D00C0C3D6 /* AppDelegate.swift in Sources */ = {isa = PBXBuildFile; fileRef = FFD662B52437222D00C0C3D6 /* AppDelegate.swift */; };
		FFD662B82437222D00C0C3D6 /* SceneDelegate.swift in Sources */ = {isa = PBXBuildFile; fileRef = FFD662B72437222D00C0C3D6 /* SceneDelegate.swift */; };
		FFD662BF2437223100C0C3D6 /* Assets.xcassets in Resources */ = {isa = PBXBuildFile; fileRef = FFD662BE2437223100C0C3D6 /* Assets.xcassets */; };
		FFD662C22437223100C0C3D6 /* LaunchScreen.storyboard in Resources */ = {isa = PBXBuildFile; fileRef = FFD662C02437223100C0C3D6 /* LaunchScreen.storyboard */; };
		FFD662CD2437223100C0C3D6 /* Spotify_CloneTests.swift in Sources */ = {isa = PBXBuildFile; fileRef = FFD662CC2437223100C0C3D6 /* Spotify_CloneTests.swift */; };
		FFD662D82437223100C0C3D6 /* Spotify_CloneUITests.swift in Sources */ = {isa = PBXBuildFile; fileRef = FFD662D72437223100C0C3D6 /* Spotify_CloneUITests.swift */; };
		FFD662E62437249000C0C3D6 /* SpotifyiOS.framework in Frameworks */ = {isa = PBXBuildFile; fileRef = FFD662E52437249000C0C3D6 /* SpotifyiOS.framework */; };
		FFDE4626243C768900A12D8B /* ItemsViewModel.swift in Sources */ = {isa = PBXBuildFile; fileRef = FFDE4625243C768900A12D8B /* ItemsViewModel.swift */; };
		FFDE462C243C835D00A12D8B /* SPTLayout.swift in Sources */ = {isa = PBXBuildFile; fileRef = FFDE462B243C835D00A12D8B /* SPTLayout.swift */; };
		FFE5CEA2243E28D60005D63D /* URLSession+Extensions.swift in Sources */ = {isa = PBXBuildFile; fileRef = FFE5CEA1243E28D60005D63D /* URLSession+Extensions.swift */; };
/* End PBXBuildFile section */

/* Begin PBXContainerItemProxy section */
		FFD662C92437223100C0C3D6 /* PBXContainerItemProxy */ = {
			isa = PBXContainerItemProxy;
			containerPortal = FFD662AA2437222D00C0C3D6 /* Project object */;
			proxyType = 1;
			remoteGlobalIDString = FFD662B12437222D00C0C3D6;
			remoteInfo = "Spotify-Clone";
		};
		FFD662D42437223100C0C3D6 /* PBXContainerItemProxy */ = {
			isa = PBXContainerItemProxy;
			containerPortal = FFD662AA2437222D00C0C3D6 /* Project object */;
			proxyType = 1;
			remoteGlobalIDString = FFD662B12437222D00C0C3D6;
			remoteInfo = "Spotify-Clone";
		};
/* End PBXContainerItemProxy section */

/* Begin PBXCopyFilesBuildPhase section */
		FFBD70C72437835400E6AD9A /* Embed Frameworks */ = {
			isa = PBXCopyFilesBuildPhase;
			buildActionMask = 2147483647;
			dstPath = "";
			dstSubfolderSpec = 10;
			files = (
				FFBD70C62437835400E6AD9A /* SpotifyLogin.framework in Embed Frameworks */,
				FFB816402438A9CD00064E21 /* Kingfisher.framework in Embed Frameworks */,
				FF106FEC2437937200723D3F /* Alamofire.framework in Embed Frameworks */,
			);
			name = "Embed Frameworks";
			runOnlyForDeploymentPostprocessing = 0;
		};
		FFBD70C92437841400E6AD9A /* CopyFiles */ = {
			isa = PBXCopyFilesBuildPhase;
			buildActionMask = 2147483647;
			dstPath = "";
			dstSubfolderSpec = 7;
			files = (
				FFBD70CB2437847D00E6AD9A /* SpotifyLogin.framework in CopyFiles */,
				FFB816422438A9E700064E21 /* Kingfisher.framework in CopyFiles */,
				FF106FEE243793A800723D3F /* Alamofire.framework in CopyFiles */,
			);
			runOnlyForDeploymentPostprocessing = 0;
		};
/* End PBXCopyFilesBuildPhase section */

/* Begin PBXFileReference section */
		FF106FE82437879A00723D3F /* LogInViewController.swift */ = {isa = PBXFileReference; lastKnownFileType = sourcecode.swift; path = LogInViewController.swift; sourceTree = "<group>"; };
		FF106FEA2437937200723D3F /* Alamofire.framework */ = {isa = PBXFileReference; lastKnownFileType = wrapper.framework; name = Alamofire.framework; path = Carthage/Build/iOS/Alamofire.framework; sourceTree = "<group>"; };
		FF106FED243793A800723D3F /* Alamofire.framework */ = {isa = PBXFileReference; lastKnownFileType = wrapper.framework; name = Alamofire.framework; path = Carthage/Build/iOS/Alamofire.framework; sourceTree = "<group>"; };
		FF106FF12437958D00723D3F /* SpotifyAuthService.swift */ = {isa = PBXFileReference; lastKnownFileType = sourcecode.swift; path = SpotifyAuthService.swift; sourceTree = "<group>"; };
		FF13CAEB244B40EA00E99A5B /* SPTConstant.swift */ = {isa = PBXFileReference; lastKnownFileType = sourcecode.swift; path = SPTConstant.swift; sourceTree = "<group>"; };
		FF5270B024414D4F00C0EDC2 /* NetworkTests.swift */ = {isa = PBXFileReference; lastKnownFileType = sourcecode.swift; path = NetworkTests.swift; sourceTree = "<group>"; };
		FF5A5D23243C8C4200836FD3 /* SPTItemCell.swift */ = {isa = PBXFileReference; lastKnownFileType = sourcecode.swift; path = SPTItemCell.swift; sourceTree = "<group>"; };
		FF5A5D25243C8CB200836FD3 /* SPTAnimationProperties.swift */ = {isa = PBXFileReference; lastKnownFileType = sourcecode.swift; path = SPTAnimationProperties.swift; sourceTree = "<group>"; };
		FF5B7A92244B4AB40000C32F /* Config.swift */ = {isa = PBXFileReference; lastKnownFileType = sourcecode.swift; path = Config.swift; sourceTree = "<group>"; };
		FF5CD92A243905B400AD0701 /* GridCollectionView.swift */ = {isa = PBXFileReference; lastKnownFileType = sourcecode.swift; path = GridCollectionView.swift; sourceTree = "<group>"; };
		FF5CD92C243905CA00AD0701 /* GridCollectionViewCell.swift */ = {isa = PBXFileReference; lastKnownFileType = sourcecode.swift; path = GridCollectionViewCell.swift; sourceTree = "<group>"; };
		FF651D5A24407A7900EDA138 /* HomeTableView.h */ = {isa = PBXFileReference; lastKnownFileType = sourcecode.c.h; path = HomeTableView.h; sourceTree = "<group>"; };
		FF651D5B24407A7900EDA138 /* HomeTableView.m */ = {isa = PBXFileReference; lastKnownFileType = sourcecode.c.objc; path = HomeTableView.m; sourceTree = "<group>"; };
		FF651D612440816600EDA138 /* UIColor+BrandColors.m */ = {isa = PBXFileReference; fileEncoding = 4; lastKnownFileType = sourcecode.c.objc; path = "UIColor+BrandColors.m"; sourceTree = "<group>"; };
		FF651D622440816600EDA138 /* UIColor+BrandColors.h */ = {isa = PBXFileReference; fileEncoding = 4; lastKnownFileType = sourcecode.c.h; path = "UIColor+BrandColors.h"; sourceTree = "<group>"; };
		FF66B47C24390DE300832FB1 /* GridTableViewCell.swift */ = {isa = PBXFileReference; lastKnownFileType = sourcecode.swift; path = GridTableViewCell.swift; sourceTree = "<group>"; };
		FF72A60524458AA2007F770E /* MediaItemView.swift */ = {isa = PBXFileReference; lastKnownFileType = sourcecode.swift; path = MediaItemView.swift; sourceTree = "<group>"; };
		FF99D0EB243A0DCA0075A640 /* ItemImage.swift */ = {isa = PBXFileReference; lastKnownFileType = sourcecode.swift; path = ItemImage.swift; sourceTree = "<group>"; };
		FF99D0EE243A3BD80075A640 /* UIImage+Extensions.swift */ = {isa = PBXFileReference; lastKnownFileType = sourcecode.swift; path = "UIImage+Extensions.swift"; sourceTree = "<group>"; };
		FFA6713D243E605B002907BD /* StaticData.swift */ = {isa = PBXFileReference; lastKnownFileType = sourcecode.swift; path = StaticData.swift; sourceTree = "<group>"; };
		FFA929102437A29D0006F5CA /* Constant.swift */ = {isa = PBXFileReference; lastKnownFileType = sourcecode.swift; path = Constant.swift; sourceTree = "<group>"; };
		FFA929132437B0340006F5CA /* Album.swift */ = {isa = PBXFileReference; lastKnownFileType = sourcecode.swift; path = Album.swift; sourceTree = "<group>"; };
		FFACAA5A24479C4B00361DCA /* UIView+Extensions.swift */ = {isa = PBXFileReference; lastKnownFileType = sourcecode.swift; path = "UIView+Extensions.swift"; sourceTree = "<group>"; };
		FFB8162824387A9800064E21 /* Artist.swift */ = {isa = PBXFileReference; lastKnownFileType = sourcecode.swift; path = Artist.swift; sourceTree = "<group>"; };
		FFB8162A24387ADA00064E21 /* Track.swift */ = {isa = PBXFileReference; lastKnownFileType = sourcecode.swift; path = Track.swift; sourceTree = "<group>"; };
		FFB8162C24387B0200064E21 /* NetworkService.swift */ = {isa = PBXFileReference; lastKnownFileType = sourcecode.swift; path = NetworkService.swift; sourceTree = "<group>"; };
		FFB8162E24387CA200064E21 /* Result.swift */ = {isa = PBXFileReference; lastKnownFileType = sourcecode.swift; path = Result.swift; sourceTree = "<group>"; };
		FFB8163024388DC600064E21 /* SpotifyWebAPIService.swift */ = {isa = PBXFileReference; lastKnownFileType = sourcecode.swift; path = SpotifyWebAPIService.swift; sourceTree = "<group>"; };
		FFB816322438970600064E21 /* HomeViewController.swift */ = {isa = PBXFileReference; lastKnownFileType = sourcecode.swift; path = HomeViewController.swift; sourceTree = "<group>"; };
		FFB816352438979B00064E21 /* CarouselCollectionView.swift */ = {isa = PBXFileReference; lastKnownFileType = sourcecode.swift; path = CarouselCollectionView.swift; sourceTree = "<group>"; };
		FFB81639243899D600064E21 /* SPTBrandTypography.swift */ = {isa = PBXFileReference; fileEncoding = 4; lastKnownFileType = sourcecode.swift; path = SPTBrandTypography.swift; sourceTree = "<group>"; };
		FFB8163C2438A19400064E21 /* CarouselCollectionViewCell.swift */ = {isa = PBXFileReference; lastKnownFileType = sourcecode.swift; path = CarouselCollectionViewCell.swift; sourceTree = "<group>"; };
		FFB8163E2438A9CD00064E21 /* Kingfisher.framework */ = {isa = PBXFileReference; lastKnownFileType = wrapper.framework; name = Kingfisher.framework; path = Carthage/Build/iOS/Kingfisher.framework; sourceTree = "<group>"; };
		FFB816412438A9E700064E21 /* Kingfisher.framework */ = {isa = PBXFileReference; lastKnownFileType = wrapper.framework; name = Kingfisher.framework; path = Carthage/Build/iOS/Kingfisher.framework; sourceTree = "<group>"; };
		FFB8164B2438CCC500064E21 /* Montserrat-Bold.ttf */ = {isa = PBXFileReference; lastKnownFileType = file; path = "Montserrat-Bold.ttf"; sourceTree = "<group>"; };
		FFB8164E2438CCC500064E21 /* Montserrat-SemiBold.ttf */ = {isa = PBXFileReference; lastKnownFileType = file; path = "Montserrat-SemiBold.ttf"; sourceTree = "<group>"; };
		FFB8166C2438D68A00064E21 /* CarouselTableViewCell.swift */ = {isa = PBXFileReference; lastKnownFileType = sourcecode.swift; path = CarouselTableViewCell.swift; sourceTree = "<group>"; };
		FFBD70C42437835300E6AD9A /* SpotifyLogin.framework */ = {isa = PBXFileReference; lastKnownFileType = wrapper.framework; name = SpotifyLogin.framework; path = Carthage/Build/iOS/SpotifyLogin.framework; sourceTree = "<group>"; };
		FFBD70CA2437847D00E6AD9A /* SpotifyLogin.framework */ = {isa = PBXFileReference; lastKnownFileType = wrapper.framework; name = SpotifyLogin.framework; path = Carthage/Build/iOS/SpotifyLogin.framework; sourceTree = "<group>"; };
		FFCD01F52442E27B00E9BCAA /* Client.swift */ = {isa = PBXFileReference; lastKnownFileType = sourcecode.swift; name = Client.swift; path = Extensions/Client.swift; sourceTree = "<group>"; };
		FFD662B22437222D00C0C3D6 /* Spotify-Clone.app */ = {isa = PBXFileReference; explicitFileType = wrapper.application; includeInIndex = 0; path = "Spotify-Clone.app"; sourceTree = BUILT_PRODUCTS_DIR; };
		FFD662B52437222D00C0C3D6 /* AppDelegate.swift */ = {isa = PBXFileReference; lastKnownFileType = sourcecode.swift; path = AppDelegate.swift; sourceTree = "<group>"; };
		FFD662B72437222D00C0C3D6 /* SceneDelegate.swift */ = {isa = PBXFileReference; lastKnownFileType = sourcecode.swift; path = SceneDelegate.swift; sourceTree = "<group>"; };
		FFD662BE2437223100C0C3D6 /* Assets.xcassets */ = {isa = PBXFileReference; lastKnownFileType = folder.assetcatalog; path = Assets.xcassets; sourceTree = "<group>"; };
		FFD662C12437223100C0C3D6 /* Base */ = {isa = PBXFileReference; lastKnownFileType = file.storyboard; name = Base; path = Base.lproj/LaunchScreen.storyboard; sourceTree = "<group>"; };
		FFD662C32437223100C0C3D6 /* Info.plist */ = {isa = PBXFileReference; lastKnownFileType = text.plist.xml; path = Info.plist; sourceTree = "<group>"; };
		FFD662C82437223100C0C3D6 /* Spotify-CloneTests.xctest */ = {isa = PBXFileReference; explicitFileType = wrapper.cfbundle; includeInIndex = 0; path = "Spotify-CloneTests.xctest"; sourceTree = BUILT_PRODUCTS_DIR; };
		FFD662CC2437223100C0C3D6 /* Spotify_CloneTests.swift */ = {isa = PBXFileReference; lastKnownFileType = sourcecode.swift; path = Spotify_CloneTests.swift; sourceTree = "<group>"; };
		FFD662CE2437223100C0C3D6 /* Info.plist */ = {isa = PBXFileReference; lastKnownFileType = text.plist.xml; path = Info.plist; sourceTree = "<group>"; };
		FFD662D32437223100C0C3D6 /* Spotify-CloneUITests.xctest */ = {isa = PBXFileReference; explicitFileType = wrapper.cfbundle; includeInIndex = 0; path = "Spotify-CloneUITests.xctest"; sourceTree = BUILT_PRODUCTS_DIR; };
		FFD662D72437223100C0C3D6 /* Spotify_CloneUITests.swift */ = {isa = PBXFileReference; lastKnownFileType = sourcecode.swift; path = Spotify_CloneUITests.swift; sourceTree = "<group>"; };
		FFD662D92437223100C0C3D6 /* Info.plist */ = {isa = PBXFileReference; lastKnownFileType = text.plist.xml; path = Info.plist; sourceTree = "<group>"; };
		FFD662E52437249000C0C3D6 /* SpotifyiOS.framework */ = {isa = PBXFileReference; lastKnownFileType = wrapper.framework; path = SpotifyiOS.framework; sourceTree = "<group>"; };
		FFD662E72437262500C0C3D6 /* Spotify-Clone-Bridging-Header.h */ = {isa = PBXFileReference; lastKnownFileType = sourcecode.c.h; path = "Spotify-Clone-Bridging-Header.h"; sourceTree = "<group>"; };
		FFDE4625243C768900A12D8B /* ItemsViewModel.swift */ = {isa = PBXFileReference; lastKnownFileType = sourcecode.swift; path = ItemsViewModel.swift; sourceTree = "<group>"; };
		FFDE462B243C835D00A12D8B /* SPTLayout.swift */ = {isa = PBXFileReference; lastKnownFileType = sourcecode.swift; path = SPTLayout.swift; sourceTree = "<group>"; };
		FFE5CEA1243E28D60005D63D /* URLSession+Extensions.swift */ = {isa = PBXFileReference; lastKnownFileType = sourcecode.swift; path = "URLSession+Extensions.swift"; sourceTree = "<group>"; };
/* End PBXFileReference section */

/* Begin PBXFrameworksBuildPhase section */
		FFD662AF2437222D00C0C3D6 /* Frameworks */ = {
			isa = PBXFrameworksBuildPhase;
			buildActionMask = 2147483647;
			files = (
				FFD662E62437249000C0C3D6 /* SpotifyiOS.framework in Frameworks */,
				FF106FEB2437937200723D3F /* Alamofire.framework in Frameworks */,
				FFB8163F2438A9CD00064E21 /* Kingfisher.framework in Frameworks */,
				FFBD70C52437835400E6AD9A /* SpotifyLogin.framework in Frameworks */,
			);
			runOnlyForDeploymentPostprocessing = 0;
		};
		FFD662C52437223100C0C3D6 /* Frameworks */ = {
			isa = PBXFrameworksBuildPhase;
			buildActionMask = 2147483647;
			files = (
			);
			runOnlyForDeploymentPostprocessing = 0;
		};
		FFD662D02437223100C0C3D6 /* Frameworks */ = {
			isa = PBXFrameworksBuildPhase;
			buildActionMask = 2147483647;
			files = (
			);
			runOnlyForDeploymentPostprocessing = 0;
		};
/* End PBXFrameworksBuildPhase section */

/* Begin PBXGroup section */
		FF106FEF2437955700723D3F /* Controllers */ = {
			isa = PBXGroup;
			children = (
				FFB816322438970600064E21 /* HomeViewController.swift */,
				FF106FE82437879A00723D3F /* LogInViewController.swift */,
			);
			path = Controllers;
			sourceTree = "<group>";
		};
		FF106FF02437957000723D3F /* Networking */ = {
			isa = PBXGroup;
			children = (
				FF5270AC24414AF300C0EDC2 /* Extensions */,
				FFB8162C24387B0200064E21 /* NetworkService.swift */,
				FFCD01F52442E27B00E9BCAA /* Client.swift */,
				FF106FF12437958D00723D3F /* SpotifyAuthService.swift */,
				FFB8163024388DC600064E21 /* SpotifyWebAPIService.swift */,
			);
			path = Networking;
			sourceTree = "<group>";
		};
		FF13CAED244B410B00E99A5B /* Constants */ = {
			isa = PBXGroup;
			children = (
				FF13CAEB244B40EA00E99A5B /* SPTConstant.swift */,
			);
			path = Constants;
			sourceTree = "<group>";
		};
		FF5270AC24414AF300C0EDC2 /* Extensions */ = {
			isa = PBXGroup;
			children = (
				FFE5CEA1243E28D60005D63D /* URLSession+Extensions.swift */,
			);
			path = Extensions;
			sourceTree = "<group>";
		};
		FF5270AE24414C1D00C0EDC2 /* Resources */ = {
			isa = PBXGroup;
			children = (
				FFD662C02437223100C0C3D6 /* LaunchScreen.storyboard */,
				FFD662BE2437223100C0C3D6 /* Assets.xcassets */,
			);
			path = Resources;
			sourceTree = "<group>";
		};
		FF5270AF24414C4000C0EDC2 /* Application */ = {
			isa = PBXGroup;
			children = (
				FFD662B52437222D00C0C3D6 /* AppDelegate.swift */,
				FFD662B72437222D00C0C3D6 /* SceneDelegate.swift */,
				FF5B7A92244B4AB40000C32F /* Config.swift */,
			);
			path = Application;
			sourceTree = "<group>";
		};
		FF5270B224414D5700C0EDC2 /* NetworkTests */ = {
			isa = PBXGroup;
			children = (
				FF5270B024414D4F00C0EDC2 /* NetworkTests.swift */,
				FFA6713D243E605B002907BD /* StaticData.swift */,
			);
			path = NetworkTests;
			sourceTree = "<group>";
		};
		FF5CD927243904F600AD0701 /* CollectionView */ = {
			isa = PBXGroup;
			children = (
				FFDE4628243C830D00A12D8B /* Grid */,
				FFDE4627243C830300A12D8B /* Item */,
			);
			path = CollectionView;
			sourceTree = "<group>";
		};
		FF5CD9282439050B00AD0701 /* TableView */ = {
			isa = PBXGroup;
			children = (
				FF651D5A24407A7900EDA138 /* HomeTableView.h */,
				FF651D5B24407A7900EDA138 /* HomeTableView.m */,
				FFDE4629243C831D00A12D8B /* Cell */,
			);
			path = TableView;
			sourceTree = "<group>";
		};
		FF72A602244589CC007F770E /* Components */ = {
			isa = PBXGroup;
			children = (
				FF5A5D23243C8C4200836FD3 /* SPTItemCell.swift */,
				FF72A60524458AA2007F770E /* MediaItemView.swift */,
			);
			path = Components;
			sourceTree = "<group>";
		};
		FF72A603244589E6007F770E /* Colors */ = {
			isa = PBXGroup;
			children = (
				FF651D622440816600EDA138 /* UIColor+BrandColors.h */,
				FF651D612440816600EDA138 /* UIColor+BrandColors.m */,
			);
			path = Colors;
			sourceTree = "<group>";
		};
		FF72A60424458A6E007F770E /* Text_Styles */ = {
			isa = PBXGroup;
			children = (
				FFB81639243899D600064E21 /* SPTBrandTypography.swift */,
			);
			path = Text_Styles;
			sourceTree = "<group>";
		};
		FF99D0ED243A3BC50075A640 /* Extensions */ = {
			isa = PBXGroup;
			children = (
				FF99D0EE243A3BD80075A640 /* UIImage+Extensions.swift */,
				FFACAA5A24479C4B00361DCA /* UIView+Extensions.swift */,
			);
			path = Extensions;
			sourceTree = "<group>";
		};
		FFA9290F2437A2830006F5CA /* Common */ = {
			isa = PBXGroup;
			children = (
				FFA929102437A29D0006F5CA /* Constant.swift */,
			);
			path = Common;
			sourceTree = "<group>";
		};
		FFA929122437B0290006F5CA /* Models */ = {
			isa = PBXGroup;
			children = (
				FFB8162E24387CA200064E21 /* Result.swift */,
				FFB8162824387A9800064E21 /* Artist.swift */,
				FFB8162A24387ADA00064E21 /* Track.swift */,
				FFA929132437B0340006F5CA /* Album.swift */,
				FF99D0EB243A0DCA0075A640 /* ItemImage.swift */,
			);
			path = Models;
			sourceTree = "<group>";
		};
		FFB816342438976600064E21 /* Views */ = {
			isa = PBXGroup;
			children = (
				FF5CD9282439050B00AD0701 /* TableView */,
				FF5CD927243904F600AD0701 /* CollectionView */,
			);
			path = Views;
			sourceTree = "<group>";
		};
		FFB81637243899B100064E21 /* Design_System */ = {
			isa = PBXGroup;
			children = (
				FF13CAED244B410B00E99A5B /* Constants */,
				FF72A60424458A6E007F770E /* Text_Styles */,
				FF72A603244589E6007F770E /* Colors */,
				FF72A602244589CC007F770E /* Components */,
				FFDE462B243C835D00A12D8B /* SPTLayout.swift */,
				FF5A5D25243C8CB200836FD3 /* SPTAnimationProperties.swift */,
				FFB816432438CCC500064E21 /* Montserrat */,
			);
			path = Design_System;
			sourceTree = "<group>";
		};
		FFB816432438CCC500064E21 /* Montserrat */ = {
			isa = PBXGroup;
			children = (
				FFB8164B2438CCC500064E21 /* Montserrat-Bold.ttf */,
				FFB8164E2438CCC500064E21 /* Montserrat-SemiBold.ttf */,
			);
			path = Montserrat;
			sourceTree = "<group>";
		};
		FFBD70C32437835300E6AD9A /* Frameworks */ = {
			isa = PBXGroup;
			children = (
				FFB8163E2438A9CD00064E21 /* Kingfisher.framework */,
				FF106FEA2437937200723D3F /* Alamofire.framework */,
				FFBD70C42437835300E6AD9A /* SpotifyLogin.framework */,
			);
			name = Frameworks;
			sourceTree = "<group>";
		};
		FFD662A92437222D00C0C3D6 = {
			isa = PBXGroup;
			children = (
				FFB816412438A9E700064E21 /* Kingfisher.framework */,
				FF106FED243793A800723D3F /* Alamofire.framework */,
				FFBD70CA2437847D00E6AD9A /* SpotifyLogin.framework */,
				FFD662E72437262500C0C3D6 /* Spotify-Clone-Bridging-Header.h */,
				FFD662B42437222D00C0C3D6 /* Spotify-Clone */,
				FFD662CB2437223100C0C3D6 /* Spotify-CloneTests */,
				FFD662D62437223100C0C3D6 /* Spotify-CloneUITests */,
				FFD662B32437222D00C0C3D6 /* Products */,
				FFD662E52437249000C0C3D6 /* SpotifyiOS.framework */,
				FFBD70C32437835300E6AD9A /* Frameworks */,
			);
			sourceTree = "<group>";
		};
		FFD662B32437222D00C0C3D6 /* Products */ = {
			isa = PBXGroup;
			children = (
				FFD662B22437222D00C0C3D6 /* Spotify-Clone.app */,
				FFD662C82437223100C0C3D6 /* Spotify-CloneTests.xctest */,
				FFD662D32437223100C0C3D6 /* Spotify-CloneUITests.xctest */,
			);
			name = Products;
			sourceTree = "<group>";
		};
		FFD662B42437222D00C0C3D6 /* Spotify-Clone */ = {
			isa = PBXGroup;
			children = (
				FF5270AF24414C4000C0EDC2 /* Application */,
				FF5270AE24414C1D00C0EDC2 /* Resources */,
				FF99D0ED243A3BC50075A640 /* Extensions */,
				FFB81637243899B100064E21 /* Design_System */,
				FFB816342438976600064E21 /* Views */,
				FFDE4624243C764F00A12D8B /* View_Models */,
				FF106FEF2437955700723D3F /* Controllers */,
				FFA929122437B0290006F5CA /* Models */,
				FFA9290F2437A2830006F5CA /* Common */,
				FF106FF02437957000723D3F /* Networking */,
				FFD662C32437223100C0C3D6 /* Info.plist */,
			);
			path = "Spotify-Clone";
			sourceTree = "<group>";
		};
		FFD662CB2437223100C0C3D6 /* Spotify-CloneTests */ = {
			isa = PBXGroup;
			children = (
				FF5270B224414D5700C0EDC2 /* NetworkTests */,
				FFD662CC2437223100C0C3D6 /* Spotify_CloneTests.swift */,
				FFD662CE2437223100C0C3D6 /* Info.plist */,
			);
			path = "Spotify-CloneTests";
			sourceTree = "<group>";
		};
		FFD662D62437223100C0C3D6 /* Spotify-CloneUITests */ = {
			isa = PBXGroup;
			children = (
				FFD662D72437223100C0C3D6 /* Spotify_CloneUITests.swift */,
				FFD662D92437223100C0C3D6 /* Info.plist */,
			);
			path = "Spotify-CloneUITests";
			sourceTree = "<group>";
		};
		FFDE4624243C764F00A12D8B /* View_Models */ = {
			isa = PBXGroup;
			children = (
				FFDE4625243C768900A12D8B /* ItemsViewModel.swift */,
			);
			path = View_Models;
			sourceTree = "<group>";
		};
		FFDE4627243C830300A12D8B /* Item */ = {
			isa = PBXGroup;
			children = (
				FFB816352438979B00064E21 /* CarouselCollectionView.swift */,
				FFB8163C2438A19400064E21 /* CarouselCollectionViewCell.swift */,
			);
			path = Item;
			sourceTree = "<group>";
		};
		FFDE4628243C830D00A12D8B /* Grid */ = {
			isa = PBXGroup;
			children = (
				FF5CD92A243905B400AD0701 /* GridCollectionView.swift */,
				FF5CD92C243905CA00AD0701 /* GridCollectionViewCell.swift */,
			);
			path = Grid;
			sourceTree = "<group>";
		};
		FFDE4629243C831D00A12D8B /* Cell */ = {
			isa = PBXGroup;
			children = (
				FFB8166C2438D68A00064E21 /* CarouselTableViewCell.swift */,
				FF66B47C24390DE300832FB1 /* GridTableViewCell.swift */,
			);
			path = Cell;
			sourceTree = "<group>";
		};
/* End PBXGroup section */

/* Begin PBXNativeTarget section */
		FFD662B12437222D00C0C3D6 /* Spotify-Clone */ = {
			isa = PBXNativeTarget;
			buildConfigurationList = FFD662DC2437223100C0C3D6 /* Build configuration list for PBXNativeTarget "Spotify-Clone" */;
			buildPhases = (
				FFD662AE2437222D00C0C3D6 /* Sources */,
				FFD662AF2437222D00C0C3D6 /* Frameworks */,
				FFD662B02437222D00C0C3D6 /* Resources */,
				FFBD70C72437835400E6AD9A /* Embed Frameworks */,
				FFBD70C82437837E00E6AD9A /* ShellScript */,
				FFBD70C92437841400E6AD9A /* CopyFiles */,
			);
			buildRules = (
			);
			dependencies = (
			);
			name = "Spotify-Clone";
			productName = "Spotify-Clone";
			productReference = FFD662B22437222D00C0C3D6 /* Spotify-Clone.app */;
			productType = "com.apple.product-type.application";
		};
		FFD662C72437223100C0C3D6 /* Spotify-CloneTests */ = {
			isa = PBXNativeTarget;
			buildConfigurationList = FFD662DF2437223100C0C3D6 /* Build configuration list for PBXNativeTarget "Spotify-CloneTests" */;
			buildPhases = (
				FFD662C42437223100C0C3D6 /* Sources */,
				FFD662C52437223100C0C3D6 /* Frameworks */,
				FFD662C62437223100C0C3D6 /* Resources */,
			);
			buildRules = (
			);
			dependencies = (
				FFD662CA2437223100C0C3D6 /* PBXTargetDependency */,
			);
			name = "Spotify-CloneTests";
			productName = "Spotify-CloneTests";
			productReference = FFD662C82437223100C0C3D6 /* Spotify-CloneTests.xctest */;
			productType = "com.apple.product-type.bundle.unit-test";
		};
		FFD662D22437223100C0C3D6 /* Spotify-CloneUITests */ = {
			isa = PBXNativeTarget;
			buildConfigurationList = FFD662E22437223100C0C3D6 /* Build configuration list for PBXNativeTarget "Spotify-CloneUITests" */;
			buildPhases = (
				FFD662CF2437223100C0C3D6 /* Sources */,
				FFD662D02437223100C0C3D6 /* Frameworks */,
				FFD662D12437223100C0C3D6 /* Resources */,
			);
			buildRules = (
			);
			dependencies = (
				FFD662D52437223100C0C3D6 /* PBXTargetDependency */,
			);
			name = "Spotify-CloneUITests";
			productName = "Spotify-CloneUITests";
			productReference = FFD662D32437223100C0C3D6 /* Spotify-CloneUITests.xctest */;
			productType = "com.apple.product-type.bundle.ui-testing";
		};
/* End PBXNativeTarget section */

/* Begin PBXProject section */
		FFD662AA2437222D00C0C3D6 /* Project object */ = {
			isa = PBXProject;
			attributes = {
				LastSwiftUpdateCheck = 1140;
				LastUpgradeCheck = 1140;
				ORGANIZATIONNAME = "Azhar Anwar";
				TargetAttributes = {
					FFD662B12437222D00C0C3D6 = {
						CreatedOnToolsVersion = 11.4;
					};
					FFD662C72437223100C0C3D6 = {
						CreatedOnToolsVersion = 11.4;
						TestTargetID = FFD662B12437222D00C0C3D6;
					};
					FFD662D22437223100C0C3D6 = {
						CreatedOnToolsVersion = 11.4;
						TestTargetID = FFD662B12437222D00C0C3D6;
					};
				};
			};
			buildConfigurationList = FFD662AD2437222D00C0C3D6 /* Build configuration list for PBXProject "Spotify-Clone" */;
			compatibilityVersion = "Xcode 9.3";
			developmentRegion = en;
			hasScannedForEncodings = 0;
			knownRegions = (
				en,
				Base,
			);
			mainGroup = FFD662A92437222D00C0C3D6;
			productRefGroup = FFD662B32437222D00C0C3D6 /* Products */;
			projectDirPath = "";
			projectRoot = "";
			targets = (
				FFD662B12437222D00C0C3D6 /* Spotify-Clone */,
				FFD662C72437223100C0C3D6 /* Spotify-CloneTests */,
				FFD662D22437223100C0C3D6 /* Spotify-CloneUITests */,
			);
		};
/* End PBXProject section */

/* Begin PBXResourcesBuildPhase section */
		FFD662B02437222D00C0C3D6 /* Resources */ = {
			isa = PBXResourcesBuildPhase;
			buildActionMask = 2147483647;
			files = (
				FFB8165E2438CCC500064E21 /* Montserrat-Bold.ttf in Resources */,
				FFB816612438CCC500064E21 /* Montserrat-SemiBold.ttf in Resources */,
				FFD662C22437223100C0C3D6 /* LaunchScreen.storyboard in Resources */,
				FFD662BF2437223100C0C3D6 /* Assets.xcassets in Resources */,
			);
			runOnlyForDeploymentPostprocessing = 0;
		};
		FFD662C62437223100C0C3D6 /* Resources */ = {
			isa = PBXResourcesBuildPhase;
			buildActionMask = 2147483647;
			files = (
			);
			runOnlyForDeploymentPostprocessing = 0;
		};
		FFD662D12437223100C0C3D6 /* Resources */ = {
			isa = PBXResourcesBuildPhase;
			buildActionMask = 2147483647;
			files = (
			);
			runOnlyForDeploymentPostprocessing = 0;
		};
/* End PBXResourcesBuildPhase section */

/* Begin PBXShellScriptBuildPhase section */
		FFBD70C82437837E00E6AD9A /* ShellScript */ = {
			isa = PBXShellScriptBuildPhase;
			buildActionMask = 8;
			files = (
			);
			inputFileListPaths = (
			);
			inputPaths = (
				"$(SRCROOT)/Carthage/Build/iOS/SpotifyLogin.framework",
				"$(SRCROOT)/Carthage/Build/iOS/Alamofire.framework",
				"$(SRCROOT)/Carthage/Build/iOS/Kingfisher.framework",
			);
			outputFileListPaths = (
			);
			outputPaths = (
			);
			runOnlyForDeploymentPostprocessing = 1;
			shellPath = "/usr/local/bin/carthage copy-frameworks";
			shellScript = "# Type a script or drag a script file from your workspace to insert its path.\n";
		};
/* End PBXShellScriptBuildPhase section */

/* Begin PBXSourcesBuildPhase section */
		FFD662AE2437222D00C0C3D6 /* Sources */ = {
			isa = PBXSourcesBuildPhase;
			buildActionMask = 2147483647;
			files = (
				FFDE4626243C768900A12D8B /* ItemsViewModel.swift in Sources */,
				FF66B47D24390DE300832FB1 /* GridTableViewCell.swift in Sources */,
				FFB8163124388DC600064E21 /* SpotifyWebAPIService.swift in Sources */,
				FF106FF22437958D00723D3F /* SpotifyAuthService.swift in Sources */,
				FFCD01F62442E27B00E9BCAA /* Client.swift in Sources */,
				FF99D0EC243A0DCA0075A640 /* ItemImage.swift in Sources */,
				FFB8162B24387ADA00064E21 /* Track.swift in Sources */,
				FF5A5D26243C8CB200836FD3 /* SPTAnimationProperties.swift in Sources */,
				FFB816362438979B00064E21 /* CarouselCollectionView.swift in Sources */,
				FFB8162D24387B0200064E21 /* NetworkService.swift in Sources */,
				FF5CD92D243905CA00AD0701 /* GridCollectionViewCell.swift in Sources */,
				FFB8166D2438D68A00064E21 /* CarouselTableViewCell.swift in Sources */,
				FFE5CEA2243E28D60005D63D /* URLSession+Extensions.swift in Sources */,
				FF13CAEC244B40EA00E99A5B /* SPTConstant.swift in Sources */,
				FFDE462C243C835D00A12D8B /* SPTLayout.swift in Sources */,
				FFB8162924387A9800064E21 /* Artist.swift in Sources */,
				FFD662B62437222D00C0C3D6 /* AppDelegate.swift in Sources */,
				FF106FE92437879A00723D3F /* LogInViewController.swift in Sources */,
				FFA929112437A29D0006F5CA /* Constant.swift in Sources */,
				FF99D0EF243A3BD80075A640 /* UIImage+Extensions.swift in Sources */,
				FF72A60624458AA2007F770E /* MediaItemView.swift in Sources */,
				FFA929142437B0340006F5CA /* Album.swift in Sources */,
				FF5CD92B243905B400AD0701 /* GridCollectionView.swift in Sources */,
				FFD662B82437222D00C0C3D6 /* SceneDelegate.swift in Sources */,
				FFB816332438970600064E21 /* HomeViewController.swift in Sources */,
				FF651D632440816600EDA138 /* UIColor+BrandColors.m in Sources */,
				FF5B7A93244B4AB40000C32F /* Config.swift in Sources */,
				FF651D5C24407A7900EDA138 /* HomeTableView.m in Sources */,
				FFB8163B243899D600064E21 /* SPTBrandTypography.swift in Sources */,
				FFB8163D2438A19400064E21 /* CarouselCollectionViewCell.swift in Sources */,
				FFACAA5B24479C4B00361DCA /* UIView+Extensions.swift in Sources */,
				FFB8162F24387CA200064E21 /* Result.swift in Sources */,
				FF5A5D24243C8C4200836FD3 /* SPTItemCell.swift in Sources */,
			);
			runOnlyForDeploymentPostprocessing = 0;
		};
		FFD662C42437223100C0C3D6 /* Sources */ = {
			isa = PBXSourcesBuildPhase;
			buildActionMask = 2147483647;
			files = (
				FF5270B124414D4F00C0EDC2 /* NetworkTests.swift in Sources */,
				FFD662CD2437223100C0C3D6 /* Spotify_CloneTests.swift in Sources */,
				FFA6713E243E605B002907BD /* StaticData.swift in Sources */,
			);
			runOnlyForDeploymentPostprocessing = 0;
		};
		FFD662CF2437223100C0C3D6 /* Sources */ = {
			isa = PBXSourcesBuildPhase;
			buildActionMask = 2147483647;
			files = (
				FFD662D82437223100C0C3D6 /* Spotify_CloneUITests.swift in Sources */,
			);
			runOnlyForDeploymentPostprocessing = 0;
		};
/* End PBXSourcesBuildPhase section */

/* Begin PBXTargetDependency section */
		FFD662CA2437223100C0C3D6 /* PBXTargetDependency */ = {
			isa = PBXTargetDependency;
			target = FFD662B12437222D00C0C3D6 /* Spotify-Clone */;
			targetProxy = FFD662C92437223100C0C3D6 /* PBXContainerItemProxy */;
		};
		FFD662D52437223100C0C3D6 /* PBXTargetDependency */ = {
			isa = PBXTargetDependency;
			target = FFD662B12437222D00C0C3D6 /* Spotify-Clone */;
			targetProxy = FFD662D42437223100C0C3D6 /* PBXContainerItemProxy */;
		};
/* End PBXTargetDependency section */

/* Begin PBXVariantGroup section */
		FFD662C02437223100C0C3D6 /* LaunchScreen.storyboard */ = {
			isa = PBXVariantGroup;
			children = (
				FFD662C12437223100C0C3D6 /* Base */,
			);
			name = LaunchScreen.storyboard;
			sourceTree = "<group>";
		};
/* End PBXVariantGroup section */

/* Begin XCBuildConfiguration section */
		FFD662DA2437223100C0C3D6 /* Debug */ = {
			isa = XCBuildConfiguration;
			buildSettings = {
				ALWAYS_SEARCH_USER_PATHS = NO;
				CLANG_ANALYZER_NONNULL = YES;
				CLANG_ANALYZER_NUMBER_OBJECT_CONVERSION = YES_AGGRESSIVE;
				CLANG_CXX_LANGUAGE_STANDARD = "gnu++14";
				CLANG_CXX_LIBRARY = "libc++";
				CLANG_ENABLE_MODULES = YES;
				CLANG_ENABLE_OBJC_ARC = YES;
				CLANG_ENABLE_OBJC_WEAK = YES;
				CLANG_WARN_BLOCK_CAPTURE_AUTORELEASING = YES;
				CLANG_WARN_BOOL_CONVERSION = YES;
				CLANG_WARN_COMMA = YES;
				CLANG_WARN_CONSTANT_CONVERSION = YES;
				CLANG_WARN_DEPRECATED_OBJC_IMPLEMENTATIONS = YES;
				CLANG_WARN_DIRECT_OBJC_ISA_USAGE = YES_ERROR;
				CLANG_WARN_DOCUMENTATION_COMMENTS = YES;
				CLANG_WARN_EMPTY_BODY = YES;
				CLANG_WARN_ENUM_CONVERSION = YES;
				CLANG_WARN_INFINITE_RECURSION = YES;
				CLANG_WARN_INT_CONVERSION = YES;
				CLANG_WARN_NON_LITERAL_NULL_CONVERSION = YES;
				CLANG_WARN_OBJC_IMPLICIT_RETAIN_SELF = YES;
				CLANG_WARN_OBJC_LITERAL_CONVERSION = YES;
				CLANG_WARN_OBJC_ROOT_CLASS = YES_ERROR;
				CLANG_WARN_RANGE_LOOP_ANALYSIS = YES;
				CLANG_WARN_STRICT_PROTOTYPES = YES;
				CLANG_WARN_SUSPICIOUS_MOVE = YES;
				CLANG_WARN_UNGUARDED_AVAILABILITY = YES_AGGRESSIVE;
				CLANG_WARN_UNREACHABLE_CODE = YES;
				CLANG_WARN__DUPLICATE_METHOD_MATCH = YES;
				COPY_PHASE_STRIP = NO;
				DEBUG_INFORMATION_FORMAT = dwarf;
				ENABLE_STRICT_OBJC_MSGSEND = YES;
				ENABLE_TESTABILITY = YES;
				GCC_C_LANGUAGE_STANDARD = gnu11;
				GCC_DYNAMIC_NO_PIC = NO;
				GCC_NO_COMMON_BLOCKS = YES;
				GCC_OPTIMIZATION_LEVEL = 0;
				GCC_PREPROCESSOR_DEFINITIONS = (
					"DEBUG=1",
					"$(inherited)",
				);
				GCC_WARN_64_TO_32_BIT_CONVERSION = YES;
				GCC_WARN_ABOUT_RETURN_TYPE = YES_ERROR;
				GCC_WARN_UNDECLARED_SELECTOR = YES;
				GCC_WARN_UNINITIALIZED_AUTOS = YES_AGGRESSIVE;
				GCC_WARN_UNUSED_FUNCTION = YES;
				GCC_WARN_UNUSED_VARIABLE = YES;
				IPHONEOS_DEPLOYMENT_TARGET = 13.0;
				MTL_ENABLE_DEBUG_INFO = INCLUDE_SOURCE;
				MTL_FAST_MATH = YES;
				ONLY_ACTIVE_ARCH = YES;
				SDKROOT = iphoneos;
				SWIFT_ACTIVE_COMPILATION_CONDITIONS = DEBUG;
				SWIFT_OPTIMIZATION_LEVEL = "-Onone";
			};
			name = Debug;
		};
		FFD662DB2437223100C0C3D6 /* Release */ = {
			isa = XCBuildConfiguration;
			buildSettings = {
				ALWAYS_SEARCH_USER_PATHS = NO;
				CLANG_ANALYZER_NONNULL = YES;
				CLANG_ANALYZER_NUMBER_OBJECT_CONVERSION = YES_AGGRESSIVE;
				CLANG_CXX_LANGUAGE_STANDARD = "gnu++14";
				CLANG_CXX_LIBRARY = "libc++";
				CLANG_ENABLE_MODULES = YES;
				CLANG_ENABLE_OBJC_ARC = YES;
				CLANG_ENABLE_OBJC_WEAK = YES;
				CLANG_WARN_BLOCK_CAPTURE_AUTORELEASING = YES;
				CLANG_WARN_BOOL_CONVERSION = YES;
				CLANG_WARN_COMMA = YES;
				CLANG_WARN_CONSTANT_CONVERSION = YES;
				CLANG_WARN_DEPRECATED_OBJC_IMPLEMENTATIONS = YES;
				CLANG_WARN_DIRECT_OBJC_ISA_USAGE = YES_ERROR;
				CLANG_WARN_DOCUMENTATION_COMMENTS = YES;
				CLANG_WARN_EMPTY_BODY = YES;
				CLANG_WARN_ENUM_CONVERSION = YES;
				CLANG_WARN_INFINITE_RECURSION = YES;
				CLANG_WARN_INT_CONVERSION = YES;
				CLANG_WARN_NON_LITERAL_NULL_CONVERSION = YES;
				CLANG_WARN_OBJC_IMPLICIT_RETAIN_SELF = YES;
				CLANG_WARN_OBJC_LITERAL_CONVERSION = YES;
				CLANG_WARN_OBJC_ROOT_CLASS = YES_ERROR;
				CLANG_WARN_RANGE_LOOP_ANALYSIS = YES;
				CLANG_WARN_STRICT_PROTOTYPES = YES;
				CLANG_WARN_SUSPICIOUS_MOVE = YES;
				CLANG_WARN_UNGUARDED_AVAILABILITY = YES_AGGRESSIVE;
				CLANG_WARN_UNREACHABLE_CODE = YES;
				CLANG_WARN__DUPLICATE_METHOD_MATCH = YES;
				COPY_PHASE_STRIP = NO;
				DEBUG_INFORMATION_FORMAT = "dwarf-with-dsym";
				ENABLE_NS_ASSERTIONS = NO;
				ENABLE_STRICT_OBJC_MSGSEND = YES;
				GCC_C_LANGUAGE_STANDARD = gnu11;
				GCC_NO_COMMON_BLOCKS = YES;
				GCC_WARN_64_TO_32_BIT_CONVERSION = YES;
				GCC_WARN_ABOUT_RETURN_TYPE = YES_ERROR;
				GCC_WARN_UNDECLARED_SELECTOR = YES;
				GCC_WARN_UNINITIALIZED_AUTOS = YES_AGGRESSIVE;
				GCC_WARN_UNUSED_FUNCTION = YES;
				GCC_WARN_UNUSED_VARIABLE = YES;
				IPHONEOS_DEPLOYMENT_TARGET = 13.0;
				MTL_ENABLE_DEBUG_INFO = NO;
				MTL_FAST_MATH = YES;
				SDKROOT = iphoneos;
				SWIFT_COMPILATION_MODE = wholemodule;
				SWIFT_OPTIMIZATION_LEVEL = "-O";
				VALIDATE_PRODUCT = YES;
			};
			name = Release;
		};
		FFD662DD2437223100C0C3D6 /* Debug */ = {
			isa = XCBuildConfiguration;
			buildSettings = {
				ASSETCATALOG_COMPILER_APPICON_NAME = AppIcon;
				CODE_SIGN_STYLE = Automatic;
				DEFINES_MODULE = YES;
				DEVELOPMENT_TEAM = RD7HUSH4T7;
				FRAMEWORK_SEARCH_PATHS = (
					"$(inherited)",
					"$(PROJECT_DIR)",
					"$(PROJECT_DIR)/Carthage/Build/iOS",
				);
				INFOPLIST_FILE = "Spotify-Clone/Info.plist";
				IPHONEOS_DEPLOYMENT_TARGET = 13.0;
				LD_RUNPATH_SEARCH_PATHS = (
					"$(inherited)",
					"@executable_path/Frameworks",
				);
				OTHER_LDFLAGS = "-ObjC";
				PRODUCT_BUNDLE_IDENTIFIER = "com.azharanwar.Spotify-Clone";
				PRODUCT_NAME = "$(TARGET_NAME)";
				SWIFT_OBJC_BRIDGING_HEADER = "Spotify-Clone-Bridging-Header.h";
				SWIFT_VERSION = 5.0;
				TARGETED_DEVICE_FAMILY = 1;
			};
			name = Debug;
		};
		FFD662DE2437223100C0C3D6 /* Release */ = {
			isa = XCBuildConfiguration;
			buildSettings = {
				ASSETCATALOG_COMPILER_APPICON_NAME = AppIcon;
				CODE_SIGN_STYLE = Automatic;
				DEFINES_MODULE = YES;
				DEVELOPMENT_TEAM = RD7HUSH4T7;
				FRAMEWORK_SEARCH_PATHS = (
					"$(inherited)",
					"$(PROJECT_DIR)",
					"$(PROJECT_DIR)/Carthage/Build/iOS",
				);
				INFOPLIST_FILE = "Spotify-Clone/Info.plist";
				IPHONEOS_DEPLOYMENT_TARGET = 13.0;
				LD_RUNPATH_SEARCH_PATHS = (
					"$(inherited)",
					"@executable_path/Frameworks",
				);
				OTHER_LDFLAGS = "-ObjC";
				PRODUCT_BUNDLE_IDENTIFIER = "com.azharanwar.Spotify-Clone";
				PRODUCT_NAME = "$(TARGET_NAME)";
				SWIFT_OBJC_BRIDGING_HEADER = "Spotify-Clone-Bridging-Header.h";
				SWIFT_VERSION = 5.0;
				TARGETED_DEVICE_FAMILY = 1;
			};
			name = Release;
		};
		FFD662E02437223100C0C3D6 /* Debug */ = {
			isa = XCBuildConfiguration;
			buildSettings = {
				ALWAYS_EMBED_SWIFT_STANDARD_LIBRARIES = YES;
				BUNDLE_LOADER = "$(TEST_HOST)";
				CODE_SIGN_STYLE = Automatic;
				DEVELOPMENT_TEAM = RD7HUSH4T7;
				INFOPLIST_FILE = "Spotify-CloneTests/Info.plist";
				IPHONEOS_DEPLOYMENT_TARGET = 13.4;
				LD_RUNPATH_SEARCH_PATHS = (
					"$(inherited)",
					"@executable_path/Frameworks",
					"@loader_path/Frameworks",
				);
				PRODUCT_BUNDLE_IDENTIFIER = "com.azharanwar.Spotify-CloneTests";
				PRODUCT_NAME = "$(TARGET_NAME)";
				SWIFT_VERSION = 5.0;
				TARGETED_DEVICE_FAMILY = "1,2";
				TEST_HOST = "$(BUILT_PRODUCTS_DIR)/Spotify-Clone.app/Spotify-Clone";
			};
			name = Debug;
		};
		FFD662E12437223100C0C3D6 /* Release */ = {
			isa = XCBuildConfiguration;
			buildSettings = {
				ALWAYS_EMBED_SWIFT_STANDARD_LIBRARIES = YES;
				BUNDLE_LOADER = "$(TEST_HOST)";
				CODE_SIGN_STYLE = Automatic;
				DEVELOPMENT_TEAM = RD7HUSH4T7;
				INFOPLIST_FILE = "Spotify-CloneTests/Info.plist";
				IPHONEOS_DEPLOYMENT_TARGET = 13.4;
				LD_RUNPATH_SEARCH_PATHS = (
					"$(inherited)",
					"@executable_path/Frameworks",
					"@loader_path/Frameworks",
				);
				PRODUCT_BUNDLE_IDENTIFIER = "com.azharanwar.Spotify-CloneTests";
				PRODUCT_NAME = "$(TARGET_NAME)";
				SWIFT_VERSION = 5.0;
				TARGETED_DEVICE_FAMILY = "1,2";
				TEST_HOST = "$(BUILT_PRODUCTS_DIR)/Spotify-Clone.app/Spotify-Clone";
			};
			name = Release;
		};
		FFD662E32437223100C0C3D6 /* Debug */ = {
			isa = XCBuildConfiguration;
			buildSettings = {
				ALWAYS_EMBED_SWIFT_STANDARD_LIBRARIES = YES;
				CODE_SIGN_STYLE = Automatic;
				DEVELOPMENT_TEAM = RD7HUSH4T7;
				INFOPLIST_FILE = "Spotify-CloneUITests/Info.plist";
				LD_RUNPATH_SEARCH_PATHS = (
					"$(inherited)",
					"@executable_path/Frameworks",
					"@loader_path/Frameworks",
				);
				PRODUCT_BUNDLE_IDENTIFIER = "com.azharanwar.Spotify-CloneUITests";
				PRODUCT_NAME = "$(TARGET_NAME)";
				SWIFT_VERSION = 5.0;
				TARGETED_DEVICE_FAMILY = "1,2";
				TEST_TARGET_NAME = "Spotify-Clone";
			};
			name = Debug;
		};
		FFD662E42437223100C0C3D6 /* Release */ = {
			isa = XCBuildConfiguration;
			buildSettings = {
				ALWAYS_EMBED_SWIFT_STANDARD_LIBRARIES = YES;
				CODE_SIGN_STYLE = Automatic;
				DEVELOPMENT_TEAM = RD7HUSH4T7;
				INFOPLIST_FILE = "Spotify-CloneUITests/Info.plist";
				LD_RUNPATH_SEARCH_PATHS = (
					"$(inherited)",
					"@executable_path/Frameworks",
					"@loader_path/Frameworks",
				);
				PRODUCT_BUNDLE_IDENTIFIER = "com.azharanwar.Spotify-CloneUITests";
				PRODUCT_NAME = "$(TARGET_NAME)";
				SWIFT_VERSION = 5.0;
				TARGETED_DEVICE_FAMILY = "1,2";
				TEST_TARGET_NAME = "Spotify-Clone";
			};
			name = Release;
		};
/* End XCBuildConfiguration section */

/* Begin XCConfigurationList section */
		FFD662AD2437222D00C0C3D6 /* Build configuration list for PBXProject "Spotify-Clone" */ = {
			isa = XCConfigurationList;
			buildConfigurations = (
				FFD662DA2437223100C0C3D6 /* Debug */,
				FFD662DB2437223100C0C3D6 /* Release */,
			);
			defaultConfigurationIsVisible = 0;
			defaultConfigurationName = Release;
		};
		FFD662DC2437223100C0C3D6 /* Build configuration list for PBXNativeTarget "Spotify-Clone" */ = {
			isa = XCConfigurationList;
			buildConfigurations = (
				FFD662DD2437223100C0C3D6 /* Debug */,
				FFD662DE2437223100C0C3D6 /* Release */,
			);
			defaultConfigurationIsVisible = 0;
			defaultConfigurationName = Release;
		};
		FFD662DF2437223100C0C3D6 /* Build configuration list for PBXNativeTarget "Spotify-CloneTests" */ = {
			isa = XCConfigurationList;
			buildConfigurations = (
				FFD662E02437223100C0C3D6 /* Debug */,
				FFD662E12437223100C0C3D6 /* Release */,
			);
			defaultConfigurationIsVisible = 0;
			defaultConfigurationName = Release;
		};
		FFD662E22437223100C0C3D6 /* Build configuration list for PBXNativeTarget "Spotify-CloneUITests" */ = {
			isa = XCConfigurationList;
			buildConfigurations = (
				FFD662E32437223100C0C3D6 /* Debug */,
				FFD662E42437223100C0C3D6 /* Release */,
			);
			defaultConfigurationIsVisible = 0;
			defaultConfigurationName = Release;
		};
/* End XCConfigurationList section */
	};
	rootObject = FFD662AA2437222D00C0C3D6 /* Project object */;
}
